
Microsoft Visual Studio Solution File, Format Version 12.00
# Visual Studio 14
VisualStudioVersion = 14.0.25420.1
MinimumVisualStudioVersion = 10.0.40219.1
Project("{FAE04EC0-301F-11D3-BF4B-00C04F79EFBC}") = "WebApp", "WebApp\WebApp.csproj", "{5D356CBC-0871-4688-A358-3761CD2EF590}"
EndProject
Project("{FAE04EC0-301F-11D3-BF4B-00C04F79EFBC}") = "Core", "Core\Core.csproj", "{1454EA9A-B940-47BB-93F5-DBFB841A6A9B}"
EndProject
Project("{FAE04EC0-301F-11D3-BF4B-00C04F79EFBC}") = "Service", "Service\Service.csproj", "{D1D1F784-20C1-470B-8A4F-689FCDECD4A2}"
EndProject
Global
	GlobalSection(SolutionConfigurationPlatforms) = preSolution
		Debug|Any CPU = Debug|Any CPU
		Release|Any CPU = Release|Any CPU
	EndGlobalSection
	GlobalSection(ProjectConfigurationPlatforms) = postSolution
		{5D356CBC-0871-4688-A358-3761CD2EF590}.Debug|Any CPU.ActiveCfg = Debug|Any CPU
		{5D356CBC-0871-4688-A358-3761CD2EF590}.Debug|Any CPU.Build.0 = Debug|Any CPU
		{5D356CBC-0871-4688-A358-3761CD2EF590}.Release|Any CPU.ActiveCfg = Release|Any CPU
		{5D356CBC-0871-4688-A358-3761CD2EF590}.Release|Any CPU.Build.0 = Release|Any CPU
		{1454EA9A-B940-47BB-93F5-DBFB841A6A9B}.Debug|Any CPU.ActiveCfg = Debug|Any CPU
		{1454EA9A-B940-47BB-93F5-DBFB841A6A9B}.Debug|Any CPU.Build.0 = Debug|Any CPU
		{1454EA9A-B940-47BB-93F5-DBFB841A6A9B}.Release|Any CPU.ActiveCfg = Release|Any CPU
		{1454EA9A-B940-47BB-93F5-DBFB841A6A9B}.Release|Any CPU.Build.0 = Release|Any CPU
		{D1D1F784-20C1-470B-8A4F-689FCDECD4A2}.Debug|Any CPU.ActiveCfg = Debug|Any CPU
		{D1D1F784-20C1-470B-8A4F-689FCDECD4A2}.Debug|Any CPU.Build.0 = Debug|Any CPU
		{D1D1F784-20C1-470B-8A4F-689FCDECD4A2}.Release|Any CPU.ActiveCfg = Release|Any CPU
		{D1D1F784-20C1-470B-8A4F-689FCDECD4A2}.Release|Any CPU.Build.0 = Release|Any CPU
	EndGlobalSection
	GlobalSection(SolutionProperties) = preSolution
		HideSolutionNode = FALSE
	EndGlobalSection
EndGlobal
